// !$*UTF8*$!
{
	archiveVersion = 1;
	classes = {
	};
	objectVersion = 55;
	objects = {

/* Begin PBXBuildFile section */
		C824862A2709969600E7CA70 /* SWNavigationSandboxApp.swift in Sources */ = {isa = PBXBuildFile; fileRef = C82486292709969600E7CA70 /* SWNavigationSandboxApp.swift */; };
		C824862E2709969800E7CA70 /* Assets.xcassets in Resources */ = {isa = PBXBuildFile; fileRef = C824862D2709969800E7CA70 /* Assets.xcassets */; };
		C82486312709969800E7CA70 /* Preview Assets.xcassets in Resources */ = {isa = PBXBuildFile; fileRef = C82486302709969800E7CA70 /* Preview Assets.xcassets */; };
		C824863E270997C600E7CA70 /* CourseForYouView.swift in Sources */ = {isa = PBXBuildFile; fileRef = C824863D270997C600E7CA70 /* CourseForYouView.swift */; };
		C8248640270997DB00E7CA70 /* CourseView.swift in Sources */ = {isa = PBXBuildFile; fileRef = C824863F270997DB00E7CA70 /* CourseView.swift */; };
		C8248642270997E700E7CA70 /* LessonView.swift in Sources */ = {isa = PBXBuildFile; fileRef = C8248641270997E700E7CA70 /* LessonView.swift */; };
		C82486442709980200E7CA70 /* WizardView.swift in Sources */ = {isa = PBXBuildFile; fileRef = C82486432709980200E7CA70 /* WizardView.swift */; };
		C8CE186E270B77E700EBBB1A /* WizardElement.swift in Sources */ = {isa = PBXBuildFile; fileRef = C8CE186D270B77E700EBBB1A /* WizardElement.swift */; };
		C8CE1870270BFCB300EBBB1A /* CourseType.swift in Sources */ = {isa = PBXBuildFile; fileRef = C8CE186F270BFCB300EBBB1A /* CourseType.swift */; };
		C8CE1872270DA23700EBBB1A /* YesNoType.swift in Sources */ = {isa = PBXBuildFile; fileRef = C8CE1871270DA23700EBBB1A /* YesNoType.swift */; };
		C8CE1874270E136500EBBB1A /* MyMenuStyle.swift in Sources */ = {isa = PBXBuildFile; fileRef = C8CE1873270E136400EBBB1A /* MyMenuStyle.swift */; };
		C8DD24BE2709E9F1009CCFB6 /* WelcomeView.swift in Sources */ = {isa = PBXBuildFile; fileRef = C8DD24BD2709E9F1009CCFB6 /* WelcomeView.swift */; };
		C8DD24C0270A19D2009CCFB6 /* Page.swift in Sources */ = {isa = PBXBuildFile; fileRef = C8DD24BF270A19D2009CCFB6 /* Page.swift */; };
		C8DD24C4270AA6E1009CCFB6 /* ReadScoreAbilityView.swift in Sources */ = {isa = PBXBuildFile; fileRef = C8DD24C3270AA6E1009CCFB6 /* ReadScoreAbilityView.swift */; };
		C8DD24C6270AA949009CCFB6 /* YesNoResultView.swift in Sources */ = {isa = PBXBuildFile; fileRef = C8DD24C5270AA949009CCFB6 /* YesNoResultView.swift */; };
		C8DD24C8270AAA6E009CCFB6 /* CourseTypeView.swift in Sources */ = {isa = PBXBuildFile; fileRef = C8DD24C7270AAA6E009CCFB6 /* CourseTypeView.swift */; };
		C8DD24CA270ABAA4009CCFB6 /* SongChoiceView.swift in Sources */ = {isa = PBXBuildFile; fileRef = C8DD24C9270ABAA4009CCFB6 /* SongChoiceView.swift */; };
/* End PBXBuildFile section */

/* Begin PBXFileReference section */
		C82486262709969600E7CA70 /* SWNavigationSandbox.app */ = {isa = PBXFileReference; explicitFileType = wrapper.application; includeInIndex = 0; path = SWNavigationSandbox.app; sourceTree = BUILT_PRODUCTS_DIR; };
		C82486292709969600E7CA70 /* SWNavigationSandboxApp.swift */ = {isa = PBXFileReference; lastKnownFileType = sourcecode.swift; path = SWNavigationSandboxApp.swift; sourceTree = "<group>"; };
		C824862D2709969800E7CA70 /* Assets.xcassets */ = {isa = PBXFileReference; lastKnownFileType = folder.assetcatalog; path = Assets.xcassets; sourceTree = "<group>"; };
		C82486302709969800E7CA70 /* Preview Assets.xcassets */ = {isa = PBXFileReference; lastKnownFileType = folder.assetcatalog; path = "Preview Assets.xcassets"; sourceTree = "<group>"; };
		C824863D270997C600E7CA70 /* CourseForYouView.swift */ = {isa = PBXFileReference; lastKnownFileType = sourcecode.swift; path = CourseForYouView.swift; sourceTree = "<group>"; };
		C824863F270997DB00E7CA70 /* CourseView.swift */ = {isa = PBXFileReference; lastKnownFileType = sourcecode.swift; path = CourseView.swift; sourceTree = "<group>"; };
		C8248641270997E700E7CA70 /* LessonView.swift */ = {isa = PBXFileReference; lastKnownFileType = sourcecode.swift; path = LessonView.swift; sourceTree = "<group>"; };
		C82486432709980200E7CA70 /* WizardView.swift */ = {isa = PBXFileReference; lastKnownFileType = sourcecode.swift; path = WizardView.swift; sourceTree = "<group>"; };
		C8CE186D270B77E700EBBB1A /* WizardElement.swift */ = {isa = PBXFileReference; lastKnownFileType = sourcecode.swift; path = WizardElement.swift; sourceTree = "<group>"; };
		C8CE186F270BFCB300EBBB1A /* CourseType.swift */ = {isa = PBXFileReference; lastKnownFileType = sourcecode.swift; path = CourseType.swift; sourceTree = "<group>"; };
		C8CE1871270DA23700EBBB1A /* YesNoType.swift */ = {isa = PBXFileReference; lastKnownFileType = sourcecode.swift; path = YesNoType.swift; sourceTree = "<group>"; };
		C8CE1873270E136400EBBB1A /* MyMenuStyle.swift */ = {isa = PBXFileReference; lastKnownFileType = sourcecode.swift; path = MyMenuStyle.swift; sourceTree = "<group>"; };
		C8DD24BD2709E9F1009CCFB6 /* WelcomeView.swift */ = {isa = PBXFileReference; lastKnownFileType = sourcecode.swift; path = WelcomeView.swift; sourceTree = "<group>"; };
		C8DD24BF270A19D2009CCFB6 /* Page.swift */ = {isa = PBXFileReference; lastKnownFileType = sourcecode.swift; path = Page.swift; sourceTree = "<group>"; };
		C8DD24C3270AA6E1009CCFB6 /* ReadScoreAbilityView.swift */ = {isa = PBXFileReference; lastKnownFileType = sourcecode.swift; path = ReadScoreAbilityView.swift; sourceTree = "<group>"; };
		C8DD24C5270AA949009CCFB6 /* YesNoResultView.swift */ = {isa = PBXFileReference; lastKnownFileType = sourcecode.swift; path = YesNoResultView.swift; sourceTree = "<group>"; };
		C8DD24C7270AAA6E009CCFB6 /* CourseTypeView.swift */ = {isa = PBXFileReference; lastKnownFileType = sourcecode.swift; path = CourseTypeView.swift; sourceTree = "<group>"; };
		C8DD24C9270ABAA4009CCFB6 /* SongChoiceView.swift */ = {isa = PBXFileReference; lastKnownFileType = sourcecode.swift; path = SongChoiceView.swift; sourceTree = "<group>"; };
/* End PBXFileReference section */

/* Begin PBXFrameworksBuildPhase section */
		C82486232709969600E7CA70 /* Frameworks */ = {
			isa = PBXFrameworksBuildPhase;
			buildActionMask = 2147483647;
			files = (
			);
			runOnlyForDeploymentPostprocessing = 0;
		};
/* End PBXFrameworksBuildPhase section */

/* Begin PBXGroup section */
		C824861D2709969600E7CA70 = {
			isa = PBXGroup;
			children = (
				C82486282709969600E7CA70 /* SWNavigationSandbox */,
				C82486272709969600E7CA70 /* Products */,
			);
			sourceTree = "<group>";
		};
		C82486272709969600E7CA70 /* Products */ = {
			isa = PBXGroup;
			children = (
				C82486262709969600E7CA70 /* SWNavigationSandbox.app */,
			);
			name = Products;
			sourceTree = "<group>";
		};
		C82486282709969600E7CA70 /* SWNavigationSandbox */ = {
			isa = PBXGroup;
			children = (
				C82486292709969600E7CA70 /* SWNavigationSandboxApp.swift */,
				C824862D2709969800E7CA70 /* Assets.xcassets */,
				C824862F2709969800E7CA70 /* Preview Content */,
				C824863D270997C600E7CA70 /* CourseForYouView.swift */,
				C824863F270997DB00E7CA70 /* CourseView.swift */,
				C8248641270997E700E7CA70 /* LessonView.swift */,
				C8DD24BD2709E9F1009CCFB6 /* WelcomeView.swift */,
				C82486432709980200E7CA70 /* WizardView.swift */,
				C8DD24C7270AAA6E009CCFB6 /* CourseTypeView.swift */,
				C8DD24C3270AA6E1009CCFB6 /* ReadScoreAbilityView.swift */,
				C8DD24C5270AA949009CCFB6 /* YesNoResultView.swift */,
				C8DD24C9270ABAA4009CCFB6 /* SongChoiceView.swift */,
				C8CE186D270B77E700EBBB1A /* WizardElement.swift */,
				C8DD24BF270A19D2009CCFB6 /* Page.swift */,
				C8CE186F270BFCB300EBBB1A /* CourseType.swift */,
				C8CE1871270DA23700EBBB1A /* YesNoType.swift */,
				C8CE1873270E136400EBBB1A /* MyMenuStyle.swift */,
			);
			path = SWNavigationSandbox;
			sourceTree = "<group>";
		};
		C824862F2709969800E7CA70 /* Preview Content */ = {
			isa = PBXGroup;
			children = (
				C82486302709969800E7CA70 /* Preview Assets.xcassets */,
			);
			path = "Preview Content";
			sourceTree = "<group>";
		};
/* End PBXGroup section */

/* Begin PBXNativeTarget section */
		C82486252709969600E7CA70 /* SWNavigationSandbox */ = {
			isa = PBXNativeTarget;
			buildConfigurationList = C82486342709969800E7CA70 /* Build configuration list for PBXNativeTarget "SWNavigationSandbox" */;
			buildPhases = (
				C82486222709969600E7CA70 /* Sources */,
				C82486232709969600E7CA70 /* Frameworks */,
				C82486242709969600E7CA70 /* Resources */,
			);
			buildRules = (
			);
			dependencies = (
			);
			name = SWNavigationSandbox;
			productName = SWNavigationSandbox;
			productReference = C82486262709969600E7CA70 /* SWNavigationSandbox.app */;
			productType = "com.apple.product-type.application";
		};
/* End PBXNativeTarget section */

/* Begin PBXProject section */
		C824861E2709969600E7CA70 /* Project object */ = {
			isa = PBXProject;
			attributes = {
				BuildIndependentTargetsInParallel = 1;
				LastSwiftUpdateCheck = 1300;
				LastUpgradeCheck = 1300;
				TargetAttributes = {
					C82486252709969600E7CA70 = {
						CreatedOnToolsVersion = 13.0;
					};
				};
			};
			buildConfigurationList = C82486212709969600E7CA70 /* Build configuration list for PBXProject "SWNavigationSandbox" */;
			compatibilityVersion = "Xcode 13.0";
			developmentRegion = en;
			hasScannedForEncodings = 0;
			knownRegions = (
				en,
				Base,
			);
			mainGroup = C824861D2709969600E7CA70;
			productRefGroup = C82486272709969600E7CA70 /* Products */;
			projectDirPath = "";
			projectRoot = "";
			targets = (
				C82486252709969600E7CA70 /* SWNavigationSandbox */,
			);
		};
/* End PBXProject section */

/* Begin PBXResourcesBuildPhase section */
		C82486242709969600E7CA70 /* Resources */ = {
			isa = PBXResourcesBuildPhase;
			buildActionMask = 2147483647;
			files = (
				C82486312709969800E7CA70 /* Preview Assets.xcassets in Resources */,
				C824862E2709969800E7CA70 /* Assets.xcassets in Resources */,
			);
			runOnlyForDeploymentPostprocessing = 0;
		};
/* End PBXResourcesBuildPhase section */

/* Begin PBXSourcesBuildPhase section */
		C82486222709969600E7CA70 /* Sources */ = {
			isa = PBXSourcesBuildPhase;
			buildActionMask = 2147483647;
			files = (
				C8DD24CA270ABAA4009CCFB6 /* SongChoiceView.swift in Sources */,
				C8CE1870270BFCB300EBBB1A /* CourseType.swift in Sources */,
				C8CE186E270B77E700EBBB1A /* WizardElement.swift in Sources */,
				C8CE1874270E136500EBBB1A /* MyMenuStyle.swift in Sources */,
				C8248640270997DB00E7CA70 /* CourseView.swift in Sources */,
				C8DD24C6270AA949009CCFB6 /* YesNoResultView.swift in Sources */,
				C8248642270997E700E7CA70 /* LessonView.swift in Sources */,
				C82486442709980200E7CA70 /* WizardView.swift in Sources */,
				C824863E270997C600E7CA70 /* CourseForYouView.swift in Sources */,
				C8CE1872270DA23700EBBB1A /* YesNoType.swift in Sources */,
				C8DD24C0270A19D2009CCFB6 /* Page.swift in Sources */,
				C8DD24BE2709E9F1009CCFB6 /* WelcomeView.swift in Sources */,
				C8DD24C4270AA6E1009CCFB6 /* ReadScoreAbilityView.swift in Sources */,
				C824862A2709969600E7CA70 /* SWNavigationSandboxApp.swift in Sources */,
				C8DD24C8270AAA6E009CCFB6 /* CourseTypeView.swift in Sources */,
			);
			runOnlyForDeploymentPostprocessing = 0;
		};
/* End PBXSourcesBuildPhase section */

/* Begin XCBuildConfiguration section */
		C82486322709969800E7CA70 /* Debug */ = {
			isa = XCBuildConfiguration;
			buildSettings = {
				ALWAYS_SEARCH_USER_PATHS = NO;
				CLANG_ANALYZER_NONNULL = YES;
				CLANG_ANALYZER_NUMBER_OBJECT_CONVERSION = YES_AGGRESSIVE;
				CLANG_CXX_LANGUAGE_STANDARD = "gnu++17";
				CLANG_CXX_LIBRARY = "libc++";
				CLANG_ENABLE_MODULES = YES;
				CLANG_ENABLE_OBJC_ARC = YES;
				CLANG_ENABLE_OBJC_WEAK = YES;
				CLANG_WARN_BLOCK_CAPTURE_AUTORELEASING = YES;
				CLANG_WARN_BOOL_CONVERSION = YES;
				CLANG_WARN_COMMA = YES;
				CLANG_WARN_CONSTANT_CONVERSION = YES;
				CLANG_WARN_DEPRECATED_OBJC_IMPLEMENTATIONS = YES;
				CLANG_WARN_DIRECT_OBJC_ISA_USAGE = YES_ERROR;
				CLANG_WARN_DOCUMENTATION_COMMENTS = YES;
				CLANG_WARN_EMPTY_BODY = YES;
				CLANG_WARN_ENUM_CONVERSION = YES;
				CLANG_WARN_INFINITE_RECURSION = YES;
				CLANG_WARN_INT_CONVERSION = YES;
				CLANG_WARN_NON_LITERAL_NULL_CONVERSION = YES;
				CLANG_WARN_OBJC_IMPLICIT_RETAIN_SELF = YES;
				CLANG_WARN_OBJC_LITERAL_CONVERSION = YES;
				CLANG_WARN_OBJC_ROOT_CLASS = YES_ERROR;
				CLANG_WARN_QUOTED_INCLUDE_IN_FRAMEWORK_HEADER = YES;
				CLANG_WARN_RANGE_LOOP_ANALYSIS = YES;
				CLANG_WARN_STRICT_PROTOTYPES = YES;
				CLANG_WARN_SUSPICIOUS_MOVE = YES;
				CLANG_WARN_UNGUARDED_AVAILABILITY = YES_AGGRESSIVE;
				CLANG_WARN_UNREACHABLE_CODE = YES;
				CLANG_WARN__DUPLICATE_METHOD_MATCH = YES;
				COPY_PHASE_STRIP = NO;
				DEBUG_INFORMATION_FORMAT = dwarf;
				ENABLE_STRICT_OBJC_MSGSEND = YES;
				ENABLE_TESTABILITY = YES;
				GCC_C_LANGUAGE_STANDARD = gnu11;
				GCC_DYNAMIC_NO_PIC = NO;
				GCC_NO_COMMON_BLOCKS = YES;
				GCC_OPTIMIZATION_LEVEL = 0;
				GCC_PREPROCESSOR_DEFINITIONS = (
					"DEBUG=1",
					"$(inherited)",
				);
				GCC_WARN_64_TO_32_BIT_CONVERSION = YES;
				GCC_WARN_ABOUT_RETURN_TYPE = YES_ERROR;
				GCC_WARN_UNDECLARED_SELECTOR = YES;
				GCC_WARN_UNINITIALIZED_AUTOS = YES_AGGRESSIVE;
				GCC_WARN_UNUSED_FUNCTION = YES;
				GCC_WARN_UNUSED_VARIABLE = YES;
				IPHONEOS_DEPLOYMENT_TARGET = 15.0;
				MTL_ENABLE_DEBUG_INFO = INCLUDE_SOURCE;
				MTL_FAST_MATH = YES;
				ONLY_ACTIVE_ARCH = YES;
				SDKROOT = iphoneos;
				SWIFT_ACTIVE_COMPILATION_CONDITIONS = DEBUG;
				SWIFT_OPTIMIZATION_LEVEL = "-Onone";
			};
			name = Debug;
		};
		C82486332709969800E7CA70 /* Release */ = {
			isa = XCBuildConfiguration;
			buildSettings = {
				ALWAYS_SEARCH_USER_PATHS = NO;
				CLANG_ANALYZER_NONNULL = YES;
				CLANG_ANALYZER_NUMBER_OBJECT_CONVERSION = YES_AGGRESSIVE;
				CLANG_CXX_LANGUAGE_STANDARD = "gnu++17";
				CLANG_CXX_LIBRARY = "libc++";
				CLANG_ENABLE_MODULES = YES;
				CLANG_ENABLE_OBJC_ARC = YES;
				CLANG_ENABLE_OBJC_WEAK = YES;
				CLANG_WARN_BLOCK_CAPTURE_AUTORELEASING = YES;
				CLANG_WARN_BOOL_CONVERSION = YES;
				CLANG_WARN_COMMA = YES;
				CLANG_WARN_CONSTANT_CONVERSION = YES;
				CLANG_WARN_DEPRECATED_OBJC_IMPLEMENTATIONS = YES;
				CLANG_WARN_DIRECT_OBJC_ISA_USAGE = YES_ERROR;
				CLANG_WARN_DOCUMENTATION_COMMENTS = YES;
				CLANG_WARN_EMPTY_BODY = YES;
				CLANG_WARN_ENUM_CONVERSION = YES;
				CLANG_WARN_INFINITE_RECURSION = YES;
				CLANG_WARN_INT_CONVERSION = YES;
				CLANG_WARN_NON_LITERAL_NULL_CONVERSION = YES;
				CLANG_WARN_OBJC_IMPLICIT_RETAIN_SELF = YES;
				CLANG_WARN_OBJC_LITERAL_CONVERSION = YES;
				CLANG_WARN_OBJC_ROOT_CLASS = YES_ERROR;
				CLANG_WARN_QUOTED_INCLUDE_IN_FRAMEWORK_HEADER = YES;
				CLANG_WARN_RANGE_LOOP_ANALYSIS = YES;
				CLANG_WARN_STRICT_PROTOTYPES = YES;
				CLANG_WARN_SUSPICIOUS_MOVE = YES;
				CLANG_WARN_UNGUARDED_AVAILABILITY = YES_AGGRESSIVE;
				CLANG_WARN_UNREACHABLE_CODE = YES;
				CLANG_WARN__DUPLICATE_METHOD_MATCH = YES;
				COPY_PHASE_STRIP = NO;
				DEBUG_INFORMATION_FORMAT = "dwarf-with-dsym";
				ENABLE_NS_ASSERTIONS = NO;
				ENABLE_STRICT_OBJC_MSGSEND = YES;
				GCC_C_LANGUAGE_STANDARD = gnu11;
				GCC_NO_COMMON_BLOCKS = YES;
				GCC_WARN_64_TO_32_BIT_CONVERSION = YES;
				GCC_WARN_ABOUT_RETURN_TYPE = YES_ERROR;
				GCC_WARN_UNDECLARED_SELECTOR = YES;
				GCC_WARN_UNINITIALIZED_AUTOS = YES_AGGRESSIVE;
				GCC_WARN_UNUSED_FUNCTION = YES;
				GCC_WARN_UNUSED_VARIABLE = YES;
				IPHONEOS_DEPLOYMENT_TARGET = 15.0;
				MTL_ENABLE_DEBUG_INFO = NO;
				MTL_FAST_MATH = YES;
				SDKROOT = iphoneos;
				SWIFT_COMPILATION_MODE = wholemodule;
				SWIFT_OPTIMIZATION_LEVEL = "-O";
				VALIDATE_PRODUCT = YES;
			};
			name = Release;
		};
		C82486352709969800E7CA70 /* Debug */ = {
			isa = XCBuildConfiguration;
			buildSettings = {
				ASSETCATALOG_COMPILER_APPICON_NAME = AppIcon;
				ASSETCATALOG_COMPILER_GLOBAL_ACCENT_COLOR_NAME = AccentColor;
				CODE_SIGN_STYLE = Automatic;
				CURRENT_PROJECT_VERSION = 1;
				DEVELOPMENT_ASSET_PATHS = "\"SWNavigationSandbox/Preview Content\"";
				DEVELOPMENT_TEAM = 23BXR5AUUB;
				ENABLE_PREVIEWS = YES;
				GENERATE_INFOPLIST_FILE = YES;
				INFOPLIST_KEY_UIApplicationSceneManifest_Generation = YES;
				INFOPLIST_KEY_UIApplicationSupportsIndirectInputEvents = YES;
				INFOPLIST_KEY_UILaunchScreen_Generation = YES;
				INFOPLIST_KEY_UISupportedInterfaceOrientations_iPad = "UIInterfaceOrientationPortrait UIInterfaceOrientationPortraitUpsideDown UIInterfaceOrientationLandscapeLeft UIInterfaceOrientationLandscapeRight";
				INFOPLIST_KEY_UISupportedInterfaceOrientations_iPhone = "UIInterfaceOrientationPortrait UIInterfaceOrientationLandscapeLeft UIInterfaceOrientationLandscapeRight";
				IPHONEOS_DEPLOYMENT_TARGET = 14.0;
				LD_RUNPATH_SEARCH_PATHS = (
					"$(inherited)",
					"@executable_path/Frameworks",
				);
				MARKETING_VERSION = 1.0;
				PRODUCT_BUNDLE_IDENTIFIER = tw.elosoft.SWNavigationSandbox;
				PRODUCT_NAME = "$(TARGET_NAME)";
				SWIFT_EMIT_LOC_STRINGS = YES;
				SWIFT_VERSION = 5.0;
				TARGETED_DEVICE_FAMILY = "1,2";
			};
			name = Debug;
		};
		C82486362709969800E7CA70 /* Release */ = {
			isa = XCBuildConfiguration;
			buildSettings = {
				ASSETCATALOG_COMPILER_APPICON_NAME = AppIcon;
				ASSETCATALOG_COMPILER_GLOBAL_ACCENT_COLOR_NAME = AccentColor;
				CODE_SIGN_STYLE = Automatic;
				CURRENT_PROJECT_VERSION = 1;
				DEVELOPMENT_ASSET_PATHS = "\"SWNavigationSandbox/Preview Content\"";
				DEVELOPMENT_TEAM = 23BXR5AUUB;
				ENABLE_PREVIEWS = YES;
				GENERATE_INFOPLIST_FILE = YES;
				INFOPLIST_KEY_UIApplicationSceneManifest_Generation = YES;
				INFOPLIST_KEY_UIApplicationSupportsIndirectInputEvents = YES;
				INFOPLIST_KEY_UILaunchScreen_Generation = YES;
				INFOPLIST_KEY_UISupportedInterfaceOrientations_iPad = "UIInterfaceOrientationPortrait UIInterfaceOrientationPortraitUpsideDown UIInterfaceOrientationLandscapeLeft UIInterfaceOrientationLandscapeRight";
				INFOPLIST_KEY_UISupportedInterfaceOrientations_iPhone = "UIInterfaceOrientationPortrait UIInterfaceOrientationLandscapeLeft UIInterfaceOrientationLandscapeRight";
				IPHONEOS_DEPLOYMENT_TARGET = 14.0;
				LD_RUNPATH_SEARCH_PATHS = (
					"$(inherited)",
					"@executable_path/Frameworks",
				);
				MARKETING_VERSION = 1.0;
				PRODUCT_BUNDLE_IDENTIFIER = tw.elosoft.SWNavigationSandbox;
				PRODUCT_NAME = "$(TARGET_NAME)";
				SWIFT_EMIT_LOC_STRINGS = YES;
				SWIFT_VERSION = 5.0;
				TARGETED_DEVICE_FAMILY = "1,2";
			};
			name = Release;
		};
/* End XCBuildConfiguration section */

/* Begin XCConfigurationList section */
		C82486212709969600E7CA70 /* Build configuration list for PBXProject "SWNavigationSandbox" */ = {
			isa = XCConfigurationList;
			buildConfigurations = (
				C82486322709969800E7CA70 /* Debug */,
				C82486332709969800E7CA70 /* Release */,
			);
			defaultConfigurationIsVisible = 0;
			defaultConfigurationName = Release;
		};
		C82486342709969800E7CA70 /* Build configuration list for PBXNativeTarget "SWNavigationSandbox" */ = {
			isa = XCConfigurationList;
			buildConfigurations = (
				C82486352709969800E7CA70 /* Debug */,
				C82486362709969800E7CA70 /* Release */,
			);
			defaultConfigurationIsVisible = 0;
			defaultConfigurationName = Release;
		};
/* End XCConfigurationList section */
	};
	rootObject = C824861E2709969600E7CA70 /* Project object */;
}
